
Microsoft Visual Studio Solution File, Format Version 12.00
# Visual Studio Version 17
VisualStudioVersion = 17.3.32825.248
MinimumVisualStudioVersion = 10.0.40219.1
Project("{FAE04EC0-301F-11D3-BF4B-00C04F79EFBC}") = "Entities", "Guest\Entities.csproj", "{1A6235CD-BCBF-4AC0-B92C-584FE9BB0703}"
EndProject
Project("{FAE04EC0-301F-11D3-BF4B-00C04F79EFBC}") = "DataAccessLayer", "DataAccessLayer\DataAccessLayer.csproj", "{F99C4CB8-FAB3-4E25-93B1-958EB2B1B1E6}"
EndProject
Project("{FAE04EC0-301F-11D3-BF4B-00C04F79EFBC}") = "BusinessLayer", "BusinessLayer\BusinessLayer.csproj", "{5374D32C-E09F-48DB-9068-224E047C55E8}"
EndProject
Project("{FAE04EC0-301F-11D3-BF4B-00C04F79EFBC}") = "PresentationLayer1", "PresentationLayer1\PresentationLayer1.csproj", "{321B8732-678A-4AB5-A079-1900B0C500FA}"
EndProject
Project("{FAE04EC0-301F-11D3-BF4B-00C04F79EFBC}") = "Exception1", "Exception\Exception1.csproj", "{1EB93150-CF65-4526-B48A-A9A788DEF6DF}"
EndProject
Global
	GlobalSection(SolutionConfigurationPlatforms) = preSolution
		Debug|Any CPU = Debug|Any CPU
		Release|Any CPU = Release|Any CPU
	EndGlobalSection
	GlobalSection(ProjectConfigurationPlatforms) = postSolution
		{1A6235CD-BCBF-4AC0-B92C-584FE9BB0703}.Debug|Any CPU.ActiveCfg = Debug|Any CPU
		{1A6235CD-BCBF-4AC0-B92C-584FE9BB0703}.Debug|Any CPU.Build.0 = Debug|Any CPU
		{1A6235CD-BCBF-4AC0-B92C-584FE9BB0703}.Release|Any CPU.ActiveCfg = Release|Any CPU
		{1A6235CD-BCBF-4AC0-B92C-584FE9BB0703}.Release|Any CPU.Build.0 = Release|Any CPU
		{F99C4CB8-FAB3-4E25-93B1-958EB2B1B1E6}.Debug|Any CPU.ActiveCfg = Debug|Any CPU
		{F99C4CB8-FAB3-4E25-93B1-958EB2B1B1E6}.Debug|Any CPU.Build.0 = Debug|Any CPU
		{F99C4CB8-FAB3-4E25-93B1-958EB2B1B1E6}.Release|Any CPU.ActiveCfg = Release|Any CPU
		{F99C4CB8-FAB3-4E25-93B1-958EB2B1B1E6}.Release|Any CPU.Build.0 = Release|Any CPU
		{5374D32C-E09F-48DB-9068-224E047C55E8}.Debug|Any CPU.ActiveCfg = Debug|Any CPU
		{5374D32C-E09F-48DB-9068-224E047C55E8}.Debug|Any CPU.Build.0 = Debug|Any CPU
		{5374D32C-E09F-48DB-9068-224E047C55E8}.Release|Any CPU.ActiveCfg = Release|Any CPU
		{5374D32C-E09F-48DB-9068-224E047C55E8}.Release|Any CPU.Build.0 = Release|Any CPU
		{321B8732-678A-4AB5-A079-1900B0C500FA}.Debug|Any CPU.ActiveCfg = Debug|Any CPU
		{321B8732-678A-4AB5-A079-1900B0C500FA}.Debug|Any CPU.Build.0 = Debug|Any CPU
		{321B8732-678A-4AB5-A079-1900B0C500FA}.Release|Any CPU.ActiveCfg = Release|Any CPU
		{321B8732-678A-4AB5-A079-1900B0C500FA}.Release|Any CPU.Build.0 = Release|Any CPU
		{1EB93150-CF65-4526-B48A-A9A788DEF6DF}.Debug|Any CPU.ActiveCfg = Debug|Any CPU
		{1EB93150-CF65-4526-B48A-A9A788DEF6DF}.Debug|Any CPU.Build.0 = Debug|Any CPU
		{1EB93150-CF65-4526-B48A-A9A788DEF6DF}.Release|Any CPU.ActiveCfg = Release|Any CPU
		{1EB93150-CF65-4526-B48A-A9A788DEF6DF}.Release|Any CPU.Build.0 = Release|Any CPU
	EndGlobalSection
	GlobalSection(SolutionProperties) = preSolution
		HideSolutionNode = FALSE
	EndGlobalSection
	GlobalSection(ExtensibilityGlobals) = postSolution
		SolutionGuid = {86C45EF7-4E9F-4C31-B4A4-BA6698601A4C}
	EndGlobalSection
EndGlobal
